// !$*UTF8*$!
{
	archiveVersion = 1;
	classes = {
	};
	objectVersion = 46;
	objects = {

/* Begin PBXBuildFile section */
		868D3C0A1B8E41D300CB8DE9 /* AppDelegate.swift in Sources */ = {isa = PBXBuildFile; fileRef = 868D3C091B8E41D300CB8DE9 /* AppDelegate.swift */; };
		868D3C0C1B8E41D300CB8DE9 /* ViewController.swift in Sources */ = {isa = PBXBuildFile; fileRef = 868D3C0B1B8E41D300CB8DE9 /* ViewController.swift */; };
		868D3C0F1B8E41D300CB8DE9 /* Main.storyboard in Resources */ = {isa = PBXBuildFile; fileRef = 868D3C0D1B8E41D300CB8DE9 /* Main.storyboard */; };
		868D3C111B8E41D300CB8DE9 /* Images.xcassets in Resources */ = {isa = PBXBuildFile; fileRef = 868D3C101B8E41D300CB8DE9 /* Images.xcassets */; };
		868D3C141B8E41D300CB8DE9 /* LaunchScreen.xib in Resources */ = {isa = PBXBuildFile; fileRef = 868D3C121B8E41D300CB8DE9 /* LaunchScreen.xib */; };
		868D3C201B8E41D300CB8DE9 /* YapoTunesTests.swift in Sources */ = {isa = PBXBuildFile; fileRef = 868D3C1F1B8E41D300CB8DE9 /* YapoTunesTests.swift */; };
		868D3C2A1B8E41FD00CB8DE9 /* ItunesConnection.swift in Sources */ = {isa = PBXBuildFile; fileRef = 868D3C291B8E41FD00CB8DE9 /* ItunesConnection.swift */; };
		868D3C2C1B8E442400CB8DE9 /* Album.swift in Sources */ = {isa = PBXBuildFile; fileRef = 868D3C2B1B8E442400CB8DE9 /* Album.swift */; };
		868D3C2F1B8E474C00CB8DE9 /* MusicView.xib in Resources */ = {isa = PBXBuildFile; fileRef = 868D3C2E1B8E474C00CB8DE9 /* MusicView.xib */; };
		868D3C311B8E477300CB8DE9 /* MusicView.swift in Sources */ = {isa = PBXBuildFile; fileRef = 868D3C301B8E477300CB8DE9 /* MusicView.swift */; };
/* End PBXBuildFile section */

/* Begin PBXContainerItemProxy section */
		868D3C1A1B8E41D300CB8DE9 /* PBXContainerItemProxy */ = {
			isa = PBXContainerItemProxy;
			containerPortal = 868D3BFC1B8E41D300CB8DE9 /* Project object */;
			proxyType = 1;
			remoteGlobalIDString = 868D3C031B8E41D300CB8DE9;
			remoteInfo = MusicSearch;
		};
/* End PBXContainerItemProxy section */

/* Begin PBXFileReference section */
		868D3C041B8E41D300CB8DE9 /* YapoTunes.app */ = {isa = PBXFileReference; explicitFileType = wrapper.application; includeInIndex = 0; path = YapoTunes.app; sourceTree = BUILT_PRODUCTS_DIR; };
		868D3C081B8E41D300CB8DE9 /* Info.plist */ = {isa = PBXFileReference; lastKnownFileType = text.plist.xml; path = Info.plist; sourceTree = "<group>"; };
		868D3C091B8E41D300CB8DE9 /* AppDelegate.swift */ = {isa = PBXFileReference; lastKnownFileType = sourcecode.swift; path = AppDelegate.swift; sourceTree = "<group>"; };
		868D3C0B1B8E41D300CB8DE9 /* ViewController.swift */ = {isa = PBXFileReference; lastKnownFileType = sourcecode.swift; path = ViewController.swift; sourceTree = "<group>"; };
		868D3C0E1B8E41D300CB8DE9 /* Base */ = {isa = PBXFileReference; lastKnownFileType = file.storyboard; name = Base; path = Base.lproj/Main.storyboard; sourceTree = "<group>"; };
		868D3C101B8E41D300CB8DE9 /* Images.xcassets */ = {isa = PBXFileReference; lastKnownFileType = folder.assetcatalog; path = Images.xcassets; sourceTree = "<group>"; };
		868D3C131B8E41D300CB8DE9 /* Base */ = {isa = PBXFileReference; lastKnownFileType = file.xib; name = Base; path = Base.lproj/LaunchScreen.xib; sourceTree = "<group>"; };
		868D3C191B8E41D300CB8DE9 /* YapoTunesTests.xctest */ = {isa = PBXFileReference; explicitFileType = wrapper.cfbundle; includeInIndex = 0; path = YapoTunesTests.xctest; sourceTree = BUILT_PRODUCTS_DIR; };
		868D3C1E1B8E41D300CB8DE9 /* Info.plist */ = {isa = PBXFileReference; lastKnownFileType = text.plist.xml; path = Info.plist; sourceTree = "<group>"; };
		868D3C1F1B8E41D300CB8DE9 /* YapoTunesTests.swift */ = {isa = PBXFileReference; lastKnownFileType = sourcecode.swift; path = YapoTunesTests.swift; sourceTree = "<group>"; };
		868D3C291B8E41FD00CB8DE9 /* ItunesConnection.swift */ = {isa = PBXFileReference; fileEncoding = 4; lastKnownFileType = sourcecode.swift; path = ItunesConnection.swift; sourceTree = "<group>"; };
		868D3C2B1B8E442400CB8DE9 /* Album.swift */ = {isa = PBXFileReference; fileEncoding = 4; lastKnownFileType = sourcecode.swift; path = Album.swift; sourceTree = "<group>"; };
		868D3C2E1B8E474C00CB8DE9 /* MusicView.xib */ = {isa = PBXFileReference; fileEncoding = 4; lastKnownFileType = file.xib; path = MusicView.xib; sourceTree = "<group>"; };
		868D3C301B8E477300CB8DE9 /* MusicView.swift */ = {isa = PBXFileReference; fileEncoding = 4; lastKnownFileType = sourcecode.swift; path = MusicView.swift; sourceTree = "<group>"; };
/* End PBXFileReference section */

/* Begin PBXFrameworksBuildPhase section */
		868D3C011B8E41D300CB8DE9 /* Frameworks */ = {
			isa = PBXFrameworksBuildPhase;
			buildActionMask = 2147483647;
			files = (
			);
			runOnlyForDeploymentPostprocessing = 0;
		};
		868D3C161B8E41D300CB8DE9 /* Frameworks */ = {
			isa = PBXFrameworksBuildPhase;
			buildActionMask = 2147483647;
			files = (
			);
			runOnlyForDeploymentPostprocessing = 0;
		};
/* End PBXFrameworksBuildPhase section */

/* Begin PBXGroup section */
		868D3BFB1B8E41D300CB8DE9 = {
			isa = PBXGroup;
			children = (
				868D3C061B8E41D300CB8DE9 /* YapoTunes */,
				868D3C1C1B8E41D300CB8DE9 /* YapoTunesTests */,
				868D3C051B8E41D300CB8DE9 /* Products */,
			);
			sourceTree = "<group>";
		};
		868D3C051B8E41D300CB8DE9 /* Products */ = {
			isa = PBXGroup;
			children = (
				868D3C041B8E41D300CB8DE9 /* YapoTunes.app */,
				868D3C191B8E41D300CB8DE9 /* YapoTunesTests.xctest */,
			);
			name = Products;
			sourceTree = "<group>";
		};
		868D3C061B8E41D300CB8DE9 /* YapoTunes */ = {
			isa = PBXGroup;
			children = (
				868D3C091B8E41D300CB8DE9 /* AppDelegate.swift */,
				868D3C291B8E41FD00CB8DE9 /* ItunesConnection.swift */,
				868D3C2D1B8E442B00CB8DE9 /* Model */,
				868E22A41B8E478E00F8B30E /* View */,
				868E22A51B8E4E7E00F8B30E /* Controller */,
				868D3C0D1B8E41D300CB8DE9 /* Main.storyboard */,
				868D3C101B8E41D300CB8DE9 /* Images.xcassets */,
				868D3C121B8E41D300CB8DE9 /* LaunchScreen.xib */,
				868D3C071B8E41D300CB8DE9 /* Supporting Files */,
			);
			name = YapoTunes;
			path = MusicSearch;
			sourceTree = "<group>";
		};
		868D3C071B8E41D300CB8DE9 /* Supporting Files */ = {
			isa = PBXGroup;
			children = (
				868D3C081B8E41D300CB8DE9 /* Info.plist */,
			);
			name = "Supporting Files";
			sourceTree = "<group>";
		};
		868D3C1C1B8E41D300CB8DE9 /* YapoTunesTests */ = {
			isa = PBXGroup;
			children = (
				868D3C1F1B8E41D300CB8DE9 /* YapoTunesTests.swift */,
				868D3C1D1B8E41D300CB8DE9 /* Supporting Files */,
			);
			name = YapoTunesTests;
			path = MusicSearchTests;
			sourceTree = "<group>";
		};
		868D3C1D1B8E41D300CB8DE9 /* Supporting Files */ = {
			isa = PBXGroup;
			children = (
				868D3C1E1B8E41D300CB8DE9 /* Info.plist */,
			);
			name = "Supporting Files";
			sourceTree = "<group>";
		};
		868D3C2D1B8E442B00CB8DE9 /* Model */ = {
			isa = PBXGroup;
			children = (
				868D3C2B1B8E442400CB8DE9 /* Album.swift */,
			);
			name = Model;
			sourceTree = "<group>";
		};
		868E22A41B8E478E00F8B30E /* View */ = {
			isa = PBXGroup;
			children = (
				868D3C2E1B8E474C00CB8DE9 /* MusicView.xib */,
				868D3C301B8E477300CB8DE9 /* MusicView.swift */,
			);
			name = View;
			sourceTree = "<group>";
		};
		868E22A51B8E4E7E00F8B30E /* Controller */ = {
			isa = PBXGroup;
			children = (
				868D3C0B1B8E41D300CB8DE9 /* ViewController.swift */,
			);
			name = Controller;
			sourceTree = "<group>";
		};
/* End PBXGroup section */

/* Begin PBXNativeTarget section */
		868D3C031B8E41D300CB8DE9 /* YapoTunes */ = {
			isa = PBXNativeTarget;
			buildConfigurationList = 868D3C231B8E41D300CB8DE9 /* Build configuration list for PBXNativeTarget "YapoTunes" */;
			buildPhases = (
				868D3C001B8E41D300CB8DE9 /* Sources */,
				868D3C011B8E41D300CB8DE9 /* Frameworks */,
				868D3C021B8E41D300CB8DE9 /* Resources */,
			);
			buildRules = (
			);
			dependencies = (
			);
			name = YapoTunes;
			productName = MusicSearch;
			productReference = 868D3C041B8E41D300CB8DE9 /* YapoTunes.app */;
			productType = "com.apple.product-type.application";
		};
		868D3C181B8E41D300CB8DE9 /* YapoTunesTests */ = {
			isa = PBXNativeTarget;
			buildConfigurationList = 868D3C261B8E41D300CB8DE9 /* Build configuration list for PBXNativeTarget "YapoTunesTests" */;
			buildPhases = (
				868D3C151B8E41D300CB8DE9 /* Sources */,
				868D3C161B8E41D300CB8DE9 /* Frameworks */,
				868D3C171B8E41D300CB8DE9 /* Resources */,
			);
			buildRules = (
			);
			dependencies = (
				868D3C1B1B8E41D300CB8DE9 /* PBXTargetDependency */,
			);
			name = YapoTunesTests;
			productName = MusicSearchTests;
			productReference = 868D3C191B8E41D300CB8DE9 /* YapoTunesTests.xctest */;
			productType = "com.apple.product-type.bundle.unit-test";
		};
/* End PBXNativeTarget section */

/* Begin PBXProject section */
		868D3BFC1B8E41D300CB8DE9 /* Project object */ = {
			isa = PBXProject;
			attributes = {
				LastUpgradeCheck = 0640;
				ORGANIZATIONNAME = Training;
				TargetAttributes = {
					868D3C031B8E41D300CB8DE9 = {
						CreatedOnToolsVersion = 6.4;
						DevelopmentTeam = M88MRTY7E4;
						LastSwiftMigration = 0830;
					};
					868D3C181B8E41D300CB8DE9 = {
						CreatedOnToolsVersion = 6.4;
						LastSwiftMigration = 0830;
						TestTargetID = 868D3C031B8E41D300CB8DE9;
					};
				};
			};
			buildConfigurationList = 868D3BFF1B8E41D300CB8DE9 /* Build configuration list for PBXProject "YapoTunes" */;
			compatibilityVersion = "Xcode 3.2";
			developmentRegion = English;
			hasScannedForEncodings = 0;
			knownRegions = (
				en,
				Base,
			);
			mainGroup = 868D3BFB1B8E41D300CB8DE9;
			productRefGroup = 868D3C051B8E41D300CB8DE9 /* Products */;
			projectDirPath = "";
			projectRoot = "";
			targets = (
				868D3C031B8E41D300CB8DE9 /* YapoTunes */,
				868D3C181B8E41D300CB8DE9 /* YapoTunesTests */,
			);
		};
/* End PBXProject section */

/* Begin PBXResourcesBuildPhase section */
		868D3C021B8E41D300CB8DE9 /* Resources */ = {
			isa = PBXResourcesBuildPhase;
			buildActionMask = 2147483647;
			files = (
				868D3C0F1B8E41D300CB8DE9 /* Main.storyboard in Resources */,
				868D3C141B8E41D300CB8DE9 /* LaunchScreen.xib in Resources */,
				868D3C2F1B8E474C00CB8DE9 /* MusicView.xib in Resources */,
				868D3C111B8E41D300CB8DE9 /* Images.xcassets in Resources */,
			);
			runOnlyForDeploymentPostprocessing = 0;
		};
		868D3C171B8E41D300CB8DE9 /* Resources */ = {
			isa = PBXResourcesBuildPhase;
			buildActionMask = 2147483647;
			files = (
			);
			runOnlyForDeploymentPostprocessing = 0;
		};
/* End PBXResourcesBuildPhase section */

/* Begin PBXSourcesBuildPhase section */
		868D3C001B8E41D300CB8DE9 /* Sources */ = {
			isa = PBXSourcesBuildPhase;
			buildActionMask = 2147483647;
			files = (
				868D3C0C1B8E41D300CB8DE9 /* ViewController.swift in Sources */,
				868D3C0A1B8E41D300CB8DE9 /* AppDelegate.swift in Sources */,
				868D3C311B8E477300CB8DE9 /* MusicView.swift in Sources */,
				868D3C2A1B8E41FD00CB8DE9 /* ItunesConnection.swift in Sources */,
				868D3C2C1B8E442400CB8DE9 /* Album.swift in Sources */,
			);
			runOnlyForDeploymentPostprocessing = 0;
		};
		868D3C151B8E41D300CB8DE9 /* Sources */ = {
			isa = PBXSourcesBuildPhase;
			buildActionMask = 2147483647;
			files = (
				868D3C201B8E41D300CB8DE9 /* YapoTunesTests.swift in Sources */,
			);
			runOnlyForDeploymentPostprocessing = 0;
		};
/* End PBXSourcesBuildPhase section */

/* Begin PBXTargetDependency section */
		868D3C1B1B8E41D300CB8DE9 /* PBXTargetDependency */ = {
			isa = PBXTargetDependency;
			target = 868D3C031B8E41D300CB8DE9 /* YapoTunes */;
			targetProxy = 868D3C1A1B8E41D300CB8DE9 /* PBXContainerItemProxy */;
		};
/* End PBXTargetDependency section */

/* Begin PBXVariantGroup section */
		868D3C0D1B8E41D300CB8DE9 /* Main.storyboard */ = {
			isa = PBXVariantGroup;
			children = (
				868D3C0E1B8E41D300CB8DE9 /* Base */,
			);
			name = Main.storyboard;
			sourceTree = "<group>";
		};
		868D3C121B8E41D300CB8DE9 /* LaunchScreen.xib */ = {
			isa = PBXVariantGroup;
			children = (
				868D3C131B8E41D300CB8DE9 /* Base */,
			);
			name = LaunchScreen.xib;
			sourceTree = "<group>";
		};
/* End PBXVariantGroup section */

/* Begin XCBuildConfiguration section */
		868D3C211B8E41D300CB8DE9 /* Debug */ = {
			isa = XCBuildConfiguration;
			buildSettings = {
				ALWAYS_SEARCH_USER_PATHS = NO;
				CLANG_CXX_LANGUAGE_STANDARD = "gnu++0x";
				CLANG_CXX_LIBRARY = "libc++";
				CLANG_ENABLE_MODULES = YES;
				CLANG_ENABLE_OBJC_ARC = YES;
				CLANG_WARN_BOOL_CONVERSION = YES;
				CLANG_WARN_CONSTANT_CONVERSION = YES;
				CLANG_WARN_DIRECT_OBJC_ISA_USAGE = YES_ERROR;
				CLANG_WARN_EMPTY_BODY = YES;
				CLANG_WARN_ENUM_CONVERSION = YES;
				CLANG_WARN_INT_CONVERSION = YES;
				CLANG_WARN_OBJC_ROOT_CLASS = YES_ERROR;
				CLANG_WARN_UNREACHABLE_CODE = YES;
				CLANG_WARN__DUPLICATE_METHOD_MATCH = YES;
				"CODE_SIGN_IDENTITY[sdk=iphoneos*]" = "iPhone Developer";
				COPY_PHASE_STRIP = NO;
				DEBUG_INFORMATION_FORMAT = "dwarf-with-dsym";
				ENABLE_STRICT_OBJC_MSGSEND = YES;
				GCC_C_LANGUAGE_STANDARD = gnu99;
				GCC_DYNAMIC_NO_PIC = NO;
				GCC_NO_COMMON_BLOCKS = YES;
				GCC_OPTIMIZATION_LEVEL = 0;
				GCC_PREPROCESSOR_DEFINITIONS = (
					"DEBUG=1",
					"$(inherited)",
				);
				GCC_SYMBOLS_PRIVATE_EXTERN = NO;
				GCC_WARN_64_TO_32_BIT_CONVERSION = YES;
				GCC_WARN_ABOUT_RETURN_TYPE = YES_ERROR;
				GCC_WARN_UNDECLARED_SELECTOR = YES;
				GCC_WARN_UNINITIALIZED_AUTOS = YES_AGGRESSIVE;
				GCC_WARN_UNUSED_FUNCTION = YES;
				GCC_WARN_UNUSED_VARIABLE = YES;
				IPHONEOS_DEPLOYMENT_TARGET = 10.3;
				MTL_ENABLE_DEBUG_INFO = YES;
				ONLY_ACTIVE_ARCH = YES;
				SDKROOT = iphoneos;
				SWIFT_OPTIMIZATION_LEVEL = "-Onone";
			};
			name = Debug;
		};
		868D3C221B8E41D300CB8DE9 /* Release */ = {
			isa = XCBuildConfiguration;
			buildSettings = {
				ALWAYS_SEARCH_USER_PATHS = NO;
				CLANG_CXX_LANGUAGE_STANDARD = "gnu++0x";
				CLANG_CXX_LIBRARY = "libc++";
				CLANG_ENABLE_MODULES = YES;
				CLANG_ENABLE_OBJC_ARC = YES;
				CLANG_WARN_BOOL_CONVERSION = YES;
				CLANG_WARN_CONSTANT_CONVERSION = YES;
				CLANG_WARN_DIRECT_OBJC_ISA_USAGE = YES_ERROR;
				CLANG_WARN_EMPTY_BODY = YES;
				CLANG_WARN_ENUM_CONVERSION = YES;
				CLANG_WARN_INT_CONVERSION = YES;
				CLANG_WARN_OBJC_ROOT_CLASS = YES_ERROR;
				CLANG_WARN_UNREACHABLE_CODE = YES;
				CLANG_WARN__DUPLICATE_METHOD_MATCH = YES;
				"CODE_SIGN_IDENTITY[sdk=iphoneos*]" = "iPhone Developer";
				COPY_PHASE_STRIP = NO;
				DEBUG_INFORMATION_FORMAT = "dwarf-with-dsym";
				ENABLE_NS_ASSERTIONS = NO;
				ENABLE_STRICT_OBJC_MSGSEND = YES;
				GCC_C_LANGUAGE_STANDARD = gnu99;
				GCC_NO_COMMON_BLOCKS = YES;
				GCC_WARN_64_TO_32_BIT_CONVERSION = YES;
				GCC_WARN_ABOUT_RETURN_TYPE = YES_ERROR;
				GCC_WARN_UNDECLARED_SELECTOR = YES;
				GCC_WARN_UNINITIALIZED_AUTOS = YES_AGGRESSIVE;
				GCC_WARN_UNUSED_FUNCTION = YES;
				GCC_WARN_UNUSED_VARIABLE = YES;
				IPHONEOS_DEPLOYMENT_TARGET = 10.3;
				MTL_ENABLE_DEBUG_INFO = NO;
				SDKROOT = iphoneos;
				VALIDATE_PRODUCT = YES;
			};
			name = Release;
		};
		868D3C241B8E41D300CB8DE9 /* Debug */ = {
			isa = XCBuildConfiguration;
			buildSettings = {
				ASSETCATALOG_COMPILER_APPICON_NAME = AppIcon;
				DEVELOPMENT_TEAM = M88MRTY7E4;
				INFOPLIST_FILE = MusicSearch/Info.plist;
				LD_RUNPATH_SEARCH_PATHS = "$(inherited) @executable_path/Frameworks";
				PRODUCT_BUNDLE_IDENTIFIER = cl.iclaus.YapoTunes;
				PRODUCT_NAME = "$(TARGET_NAME)";
				SWIFT_VERSION = 3.0;
			};
			name = Debug;
		};
		868D3C251B8E41D300CB8DE9 /* Release */ = {
			isa = XCBuildConfiguration;
			buildSettings = {
				ASSETCATALOG_COMPILER_APPICON_NAME = AppIcon;
				DEVELOPMENT_TEAM = M88MRTY7E4;
				INFOPLIST_FILE = MusicSearch/Info.plist;
				LD_RUNPATH_SEARCH_PATHS = "$(inherited) @executable_path/Frameworks";
				PRODUCT_BUNDLE_IDENTIFIER = cl.iclaus.YapoTunes;
				PRODUCT_NAME = "$(TARGET_NAME)";
				SWIFT_VERSION = 3.0;
			};
			name = Release;
		};
		868D3C271B8E41D300CB8DE9 /* Debug */ = {
			isa = XCBuildConfiguration;
			buildSettings = {
				BUNDLE_LOADER = "$(TEST_HOST)";
				FRAMEWORK_SEARCH_PATHS = (
					"$(SDKROOT)/Developer/Library/Frameworks",
					"$(inherited)",
				);
				GCC_PREPROCESSOR_DEFINITIONS = (
					"DEBUG=1",
					"$(inherited)",
				);
				INFOPLIST_FILE = MusicSearchTests/Info.plist;
				LD_RUNPATH_SEARCH_PATHS = "$(inherited) @executable_path/Frameworks @loader_path/Frameworks";
				PRODUCT_NAME = "$(TARGET_NAME)";
				SWIFT_VERSION = 3.0;
				TEST_HOST = "$(BUILT_PRODUCTS_DIR)/YapoTunes.app/YapoTunes";
			};
			name = Debug;
		};
		868D3C281B8E41D300CB8DE9 /* Release */ = {
			isa = XCBuildConfiguration;
			buildSettings = {
				BUNDLE_LOADER = "$(TEST_HOST)";
				FRAMEWORK_SEARCH_PATHS = (
					"$(SDKROOT)/Developer/Library/Frameworks",
					"$(inherited)",
				);
				INFOPLIST_FILE = MusicSearchTests/Info.plist;
				LD_RUNPATH_SEARCH_PATHS = "$(inherited) @executable_path/Frameworks @loader_path/Frameworks";
				PRODUCT_NAME = "$(TARGET_NAME)";
				SWIFT_VERSION = 3.0;
				TEST_HOST = "$(BUILT_PRODUCTS_DIR)/YapoTunes.app/YapoTunes";
			};
			name = Release;
		};
/* End XCBuildConfiguration section */

/* Begin XCConfigurationList section */
		868D3BFF1B8E41D300CB8DE9 /* Build configuration list for PBXProject "YapoTunes" */ = {
			isa = XCConfigurationList;
			buildConfigurations = (
				868D3C211B8E41D300CB8DE9 /* Debug */,
				868D3C221B8E41D300CB8DE9 /* Release */,
			);
			defaultConfigurationIsVisible = 0;
			defaultConfigurationName = Release;
		};
		868D3C231B8E41D300CB8DE9 /* Build configuration list for PBXNativeTarget "YapoTunes" */ = {
			isa = XCConfigurationList;
			buildConfigurations = (
				868D3C241B8E41D300CB8DE9 /* Debug */,
				868D3C251B8E41D300CB8DE9 /* Release */,
			);
			defaultConfigurationIsVisible = 0;
			defaultConfigurationName = Release;
		};
		868D3C261B8E41D300CB8DE9 /* Build configuration list for PBXNativeTarget "YapoTunesTests" */ = {
			isa = XCConfigurationList;
			buildConfigurations = (
				868D3C271B8E41D300CB8DE9 /* Debug */,
				868D3C281B8E41D300CB8DE9 /* Release */,
			);
			defaultConfigurationIsVisible = 0;
			defaultConfigurationName = Release;
		};
/* End XCConfigurationList section */
	};
	rootObject = 868D3BFC1B8E41D300CB8DE9 /* Project object */;
}
